{
    "hash": "fae845ba58d598336c25e287f3a4fa4a",
    "packages": [
        {
            "package": "chh/fileutils",
            "version": "dev-master",
            "source-reference": "ac4713821789e38fde0ac95c03414eb5ba3d64da",
            "commit-date": "1345219151"
        },
        {
            "package": "monolog/monolog",
            "version": "dev-master",
            "source-reference": "ae31045917db536eedee8c6b6abed5052d115763",
            "commit-date": "1344607218"
        },
        {
            "package": "symfony/finder",
            "version": "v2.0.16"
        },
        {
            "package": "symfony/process",
            "version": "v2.0.16"
        },
        {
            "package": "ulrichsg/getopt-php",
            "version": "dev-master",
            "source-reference": "11c0d3bb2df4f79004b085f495fe7a149efda9d5",
            "commit-date": "1338474142"
        }
    ],
    "packages-dev": null,
    "aliases": [

    ],
    "minimum-stability": "stable",
    "stability-flags": {
        "symfony/finder": 0,
        "symfony/process": 0,
        "ulrichsg/getopt-php": 20,
        "chh/fileutils": 20,
        "monolog/monolog": 20
    }
}
