{
    "hash": "0ae2112221af874e5de528617e5cfe24",
    "packages": [
        {
            "package": "chh/fileutils",
            "version": "dev-master",
            "source-reference": "e432f9fa7b98504b0e12d23c2853824f523454dd"
        },
        {
            "package": "symfony/finder",
            "version": "v2.0.15"
        },
        {
            "package": "symfony/process",
            "version": "v2.0.15"
        },
        {
            "package": "ulrichsg/getopt-php",
            "version": "dev-master",
            "source-reference": "11c0d3bb2df4f79004b085f495fe7a149efda9d5"
        }
    ],
    "packages-dev": null,
    "aliases": [

    ],
    "minimum-stability": "dev",
    "stability-flags": {
        "symfony/finder": 0,
        "symfony/process": 0
    }
}
