{
    "hash": "fae845ba58d598336c25e287f3a4fa4a",
    "packages": [
        {
            "package": "chh/fileutils",
            "version": "dev-master",
            "source-reference": "e432f9fa7b98504b0e12d23c2853824f523454dd",
            "commit-date": "1335424874"
        },
        {
            "package": "monolog/monolog",
            "version": "dev-master",
            "source-reference": "59fb9f41be22b246f5e5d3bd8a012ed77f44a7d0",
            "commit-date": "1342167011"
        },
        {
            "package": "symfony/finder",
            "version": "v2.0.16"
        },
        {
            "package": "symfony/process",
            "version": "v2.0.16"
        },
        {
            "package": "ulrichsg/getopt-php",
            "version": "dev-master",
            "source-reference": "11c0d3bb2df4f79004b085f495fe7a149efda9d5",
            "commit-date": "1338474142"
        }
    ],
    "packages-dev": null,
    "aliases": [

    ],
    "minimum-stability": "stable",
    "stability-flags": {
        "symfony/finder": 0,
        "symfony/process": 0,
        "ulrichsg/getopt-php": 20,
        "chh/fileutils": 20,
        "monolog/monolog": 20
    }
}
